
Microsoft Visual Studio Solution File, Format Version 12.00
# Visual Studio 2015
Project("{FAE04EC0-301F-11D3-BF4B-00C04F79EFBC}") = "Cubed.Plugins", "Cubed.Plugins.csproj", "{38813E34-730A-FCD5-7D82-6ABAAAAF2877}"
EndProject
Project("{FAE04EC0-301F-11D3-BF4B-00C04F79EFBC}") = "Cubed", "Cubed.csproj", "{54C72A16-9844-0C06-8E8E-5A9E8616B35B}"
EndProject
Project("{FAE04EC0-301F-11D3-BF4B-00C04F79EFBC}") = "Cubed.Editor", "Cubed.Editor.csproj", "{279A0AC6-CFCC-9F77-943A-C69153234F71}"
EndProject
Global
	GlobalSection(SolutionConfigurationPlatforms) = preSolution
		Debug|Any CPU = Debug|Any CPU
		Release|Any CPU = Release|Any CPU
	EndGlobalSection
	GlobalSection(ProjectConfigurationPlatforms) = postSolution
		{38813E34-730A-FCD5-7D82-6ABAAAAF2877}.Debug|Any CPU.ActiveCfg = Debug|Any CPU
		{38813E34-730A-FCD5-7D82-6ABAAAAF2877}.Debug|Any CPU.Build.0 = Debug|Any CPU
		{38813E34-730A-FCD5-7D82-6ABAAAAF2877}.Release|Any CPU.ActiveCfg = Release|Any CPU
		{38813E34-730A-FCD5-7D82-6ABAAAAF2877}.Release|Any CPU.Build.0 = Release|Any CPU
		{54C72A16-9844-0C06-8E8E-5A9E8616B35B}.Debug|Any CPU.ActiveCfg = Debug|Any CPU
		{54C72A16-9844-0C06-8E8E-5A9E8616B35B}.Debug|Any CPU.Build.0 = Debug|Any CPU
		{54C72A16-9844-0C06-8E8E-5A9E8616B35B}.Release|Any CPU.ActiveCfg = Release|Any CPU
		{54C72A16-9844-0C06-8E8E-5A9E8616B35B}.Release|Any CPU.Build.0 = Release|Any CPU
		{279A0AC6-CFCC-9F77-943A-C69153234F71}.Debug|Any CPU.ActiveCfg = Debug|Any CPU
		{279A0AC6-CFCC-9F77-943A-C69153234F71}.Debug|Any CPU.Build.0 = Debug|Any CPU
		{279A0AC6-CFCC-9F77-943A-C69153234F71}.Release|Any CPU.ActiveCfg = Release|Any CPU
		{279A0AC6-CFCC-9F77-943A-C69153234F71}.Release|Any CPU.Build.0 = Release|Any CPU
	EndGlobalSection
	GlobalSection(SolutionProperties) = preSolution
		HideSolutionNode = FALSE
	EndGlobalSection
EndGlobal
