
Microsoft Visual Studio Solution File, Format Version 12.00
# Visual Studio 2015
Project("{FAE04EC0-301F-11D3-BF4B-00C04F79EFBC}") = "Cubed.CSharp.Plugins", "Cubed.CSharp.Plugins.csproj", "{28A3311E-4DF8-AFA5-E9D0-B45498BC9876}"
EndProject
Project("{FAE04EC0-301F-11D3-BF4B-00C04F79EFBC}") = "Cubed.CSharp", "Cubed.CSharp.csproj", "{587EBA7E-8213-C3D2-731B-9BCF7164F9CF}"
EndProject
Project("{FAE04EC0-301F-11D3-BF4B-00C04F79EFBC}") = "Cubed.CSharp.Editor", "Cubed.CSharp.Editor.csproj", "{55A49CB6-FB08-FC4A-96ED-D5F425E96383}"
EndProject
Global
	GlobalSection(SolutionConfigurationPlatforms) = preSolution
		Debug|Any CPU = Debug|Any CPU
		Release|Any CPU = Release|Any CPU
	EndGlobalSection
	GlobalSection(ProjectConfigurationPlatforms) = postSolution
		{28A3311E-4DF8-AFA5-E9D0-B45498BC9876}.Debug|Any CPU.ActiveCfg = Debug|Any CPU
		{28A3311E-4DF8-AFA5-E9D0-B45498BC9876}.Debug|Any CPU.Build.0 = Debug|Any CPU
		{28A3311E-4DF8-AFA5-E9D0-B45498BC9876}.Release|Any CPU.ActiveCfg = Release|Any CPU
		{28A3311E-4DF8-AFA5-E9D0-B45498BC9876}.Release|Any CPU.Build.0 = Release|Any CPU
		{587EBA7E-8213-C3D2-731B-9BCF7164F9CF}.Debug|Any CPU.ActiveCfg = Debug|Any CPU
		{587EBA7E-8213-C3D2-731B-9BCF7164F9CF}.Debug|Any CPU.Build.0 = Debug|Any CPU
		{587EBA7E-8213-C3D2-731B-9BCF7164F9CF}.Release|Any CPU.ActiveCfg = Release|Any CPU
		{587EBA7E-8213-C3D2-731B-9BCF7164F9CF}.Release|Any CPU.Build.0 = Release|Any CPU
		{55A49CB6-FB08-FC4A-96ED-D5F425E96383}.Debug|Any CPU.ActiveCfg = Debug|Any CPU
		{55A49CB6-FB08-FC4A-96ED-D5F425E96383}.Debug|Any CPU.Build.0 = Debug|Any CPU
		{55A49CB6-FB08-FC4A-96ED-D5F425E96383}.Release|Any CPU.ActiveCfg = Release|Any CPU
		{55A49CB6-FB08-FC4A-96ED-D5F425E96383}.Release|Any CPU.Build.0 = Release|Any CPU
	EndGlobalSection
	GlobalSection(SolutionProperties) = preSolution
		HideSolutionNode = FALSE
	EndGlobalSection
EndGlobal
