
Microsoft Visual Studio Solution File, Format Version 12.00
# Visual Studio 2015
Project("{FAE04EC0-301F-11D3-BF4B-00C04F79EFBC}") = "Zombie_Rider.CSharp.Plugins", "Zombie_Rider.CSharp.Plugins.csproj", "{D5146DBD-EA08-72EC-F3C2-A7E8D30369E9}"
EndProject
Project("{FAE04EC0-301F-11D3-BF4B-00C04F79EFBC}") = "Zombie_Rider.CSharp", "Zombie_Rider.CSharp.csproj", "{C5070ADF-5E20-23B5-B644-F2317BC1268E}"
EndProject
Project("{FAE04EC0-301F-11D3-BF4B-00C04F79EFBC}") = "Zombie_Rider.CSharp.Editor", "Zombie_Rider.CSharp.Editor.csproj", "{F83267D2-985A-91BC-72FE-B460C817549C}"
EndProject
Global
	GlobalSection(SolutionConfigurationPlatforms) = preSolution
		Debug|Any CPU = Debug|Any CPU
		Release|Any CPU = Release|Any CPU
	EndGlobalSection
	GlobalSection(ProjectConfigurationPlatforms) = postSolution
		{D5146DBD-EA08-72EC-F3C2-A7E8D30369E9}.Debug|Any CPU.ActiveCfg = Debug|Any CPU
		{D5146DBD-EA08-72EC-F3C2-A7E8D30369E9}.Debug|Any CPU.Build.0 = Debug|Any CPU
		{D5146DBD-EA08-72EC-F3C2-A7E8D30369E9}.Release|Any CPU.ActiveCfg = Release|Any CPU
		{D5146DBD-EA08-72EC-F3C2-A7E8D30369E9}.Release|Any CPU.Build.0 = Release|Any CPU
		{C5070ADF-5E20-23B5-B644-F2317BC1268E}.Debug|Any CPU.ActiveCfg = Debug|Any CPU
		{C5070ADF-5E20-23B5-B644-F2317BC1268E}.Debug|Any CPU.Build.0 = Debug|Any CPU
		{C5070ADF-5E20-23B5-B644-F2317BC1268E}.Release|Any CPU.ActiveCfg = Release|Any CPU
		{C5070ADF-5E20-23B5-B644-F2317BC1268E}.Release|Any CPU.Build.0 = Release|Any CPU
		{F83267D2-985A-91BC-72FE-B460C817549C}.Debug|Any CPU.ActiveCfg = Debug|Any CPU
		{F83267D2-985A-91BC-72FE-B460C817549C}.Debug|Any CPU.Build.0 = Debug|Any CPU
		{F83267D2-985A-91BC-72FE-B460C817549C}.Release|Any CPU.ActiveCfg = Release|Any CPU
		{F83267D2-985A-91BC-72FE-B460C817549C}.Release|Any CPU.Build.0 = Release|Any CPU
	EndGlobalSection
	GlobalSection(SolutionProperties) = preSolution
		HideSolutionNode = FALSE
	EndGlobalSection
EndGlobal
